
Microsoft Visual Studio Solution File, Format Version 12.00
# Visual Studio Version 16
VisualStudioVersion = 16.0.32802.440
MinimumVisualStudioVersion = 10.0.40219.1
Project("{FAE04EC0-301F-11D3-BF4B-00C04F79EFBC}") = "SLAg", "SLAg\SLAg.csproj", "{673B3CBD-4EB6-46C6-A5FC-95008D00CF48}"
EndProject
Global
	GlobalSection(SolutionConfigurationPlatforms) = preSolution
		Debug|Any CPU = Debug|Any CPU
		Release|Any CPU = Release|Any CPU
	EndGlobalSection
	GlobalSection(ProjectConfigurationPlatforms) = postSolution
		{673B3CBD-4EB6-46C6-A5FC-95008D00CF48}.Debug|Any CPU.ActiveCfg = Debug|Any CPU
		{673B3CBD-4EB6-46C6-A5FC-95008D00CF48}.Debug|Any CPU.Build.0 = Debug|Any CPU
		{673B3CBD-4EB6-46C6-A5FC-95008D00CF48}.Release|Any CPU.ActiveCfg = Release|Any CPU
		{673B3CBD-4EB6-46C6-A5FC-95008D00CF48}.Release|Any CPU.Build.0 = Release|Any CPU
	EndGlobalSection
	GlobalSection(SolutionProperties) = preSolution
		HideSolutionNode = FALSE
	EndGlobalSection
	GlobalSection(ExtensibilityGlobals) = postSolution
		SolutionGuid = {15ECA0EE-EB40-4085-A38B-6ECC377F0B94}
	EndGlobalSection
EndGlobal
